<Solution>
  <Folder Name="/Tests/">
    <Project Path="Tests/HowlDev.Cli.TextDTO.Tests/HowlDev.Cli.TextDTO.Tests.csproj" />
  </Folder>
  <Project Path="HowlDev.Cli.FullStackBuilder/HowlDev.Cli.FullStackBuilder.csproj" />
  <Project Path="HowlDev.Cli.TextDTO/HowlDev.Cli.TextDTO.csproj" />
</Solution>
